
Microsoft Visual Studio Solution File, Format Version 12.00
# Visual Studio Version 16
VisualStudioVersion = 16.0.30626.31
MinimumVisualStudioVersion = 10.0.40219.1
Project("{9A19103F-16F7-4668-BE54-9A1E7A4F7556}") = "Codex.Tenants.Api", "TenantApi\Codex.Tenants.Api.csproj", "{E0328A43-4580-4A88-8E40-AD145A3792FC}"
EndProject
Project("{9A19103F-16F7-4668-BE54-9A1E7A4F7556}") = "Codex.Tenants.Framework", "Tenant.Framework\Codex.Tenants.Framework.csproj", "{9A49158C-88BA-45BF-8546-E4CEB894F9F8}"
EndProject
Project("{2150E333-8FDC-42A3-9474-1A3956D46DE8}") = "Tests", "Tests", "{119FD8E2-3D0B-4FD8-924D-4AED657CF21F}"
EndProject
Project("{9A19103F-16F7-4668-BE54-9A1E7A4F7556}") = "Codex.Tests.Framework", "Tests\Codex.Tests.Framework\Codex.Tests.Framework.csproj", "{608B54AB-27B7-45D1-84AD-CB05BD63A518}"
EndProject
Project("{9A19103F-16F7-4668-BE54-9A1E7A4F7556}") = "Codex.Core", "Codex.Core\Codex.Core.csproj", "{6FEB9544-9C38-43AB-91A9-CE1EEAED2B7F}"
EndProject
Project("{9A19103F-16F7-4668-BE54-9A1E7A4F7556}") = "Codex.Tenants.Api.Tests", "Tests\Codex.Tenants.Api.Tests\Codex.Tenants.Api.Tests.csproj", "{AC48E766-D389-4472-BF04-274D15B2E76F}"
EndProject
Project("{9A19103F-16F7-4668-BE54-9A1E7A4F7556}") = "Codex.Core.Tests", "Tests\Codex.Core.Tests\Codex.Core.Tests.csproj", "{12B938D4-1E9C-4336-B9EC-45B9921E08D8}"
EndProject
Project("{9A19103F-16F7-4668-BE54-9A1E7A4F7556}") = "Codex.Tenants.Framework.Tests", "Tests\Codex.Tenants.Framework.Tests\Codex.Tenants.Framework.Tests.csproj", "{32B57E18-FADB-424A-B5C2-1F4F8E395DEF}"
EndProject
Project("{9A19103F-16F7-4668-BE54-9A1E7A4F7556}") = "Codex.Users.Api", "Codex.Users.Api\Codex.Users.Api.csproj", "{416F25F3-F505-430D-ADE5-9F6266168F99}"
EndProject
Project("{FAE04EC0-301F-11D3-BF4B-00C04F79EFBC}") = "Codex.Models", "Codex.Models\Codex.Models.csproj", "{9C31B262-73FB-45DA-BD13-622B157DD0AB}"
EndProject
Global
	GlobalSection(SolutionConfigurationPlatforms) = preSolution
		Debug|Any CPU = Debug|Any CPU
		Release|Any CPU = Release|Any CPU
	EndGlobalSection
	GlobalSection(ProjectConfigurationPlatforms) = postSolution
		{E0328A43-4580-4A88-8E40-AD145A3792FC}.Debug|Any CPU.ActiveCfg = Debug|Any CPU
		{E0328A43-4580-4A88-8E40-AD145A3792FC}.Debug|Any CPU.Build.0 = Debug|Any CPU
		{E0328A43-4580-4A88-8E40-AD145A3792FC}.Release|Any CPU.ActiveCfg = Release|Any CPU
		{E0328A43-4580-4A88-8E40-AD145A3792FC}.Release|Any CPU.Build.0 = Release|Any CPU
		{9A49158C-88BA-45BF-8546-E4CEB894F9F8}.Debug|Any CPU.ActiveCfg = Debug|Any CPU
		{9A49158C-88BA-45BF-8546-E4CEB894F9F8}.Debug|Any CPU.Build.0 = Debug|Any CPU
		{9A49158C-88BA-45BF-8546-E4CEB894F9F8}.Release|Any CPU.ActiveCfg = Release|Any CPU
		{9A49158C-88BA-45BF-8546-E4CEB894F9F8}.Release|Any CPU.Build.0 = Release|Any CPU
		{608B54AB-27B7-45D1-84AD-CB05BD63A518}.Debug|Any CPU.ActiveCfg = Debug|Any CPU
		{608B54AB-27B7-45D1-84AD-CB05BD63A518}.Debug|Any CPU.Build.0 = Debug|Any CPU
		{608B54AB-27B7-45D1-84AD-CB05BD63A518}.Release|Any CPU.ActiveCfg = Release|Any CPU
		{608B54AB-27B7-45D1-84AD-CB05BD63A518}.Release|Any CPU.Build.0 = Release|Any CPU
		{6FEB9544-9C38-43AB-91A9-CE1EEAED2B7F}.Debug|Any CPU.ActiveCfg = Debug|Any CPU
		{6FEB9544-9C38-43AB-91A9-CE1EEAED2B7F}.Debug|Any CPU.Build.0 = Debug|Any CPU
		{6FEB9544-9C38-43AB-91A9-CE1EEAED2B7F}.Release|Any CPU.ActiveCfg = Release|Any CPU
		{6FEB9544-9C38-43AB-91A9-CE1EEAED2B7F}.Release|Any CPU.Build.0 = Release|Any CPU
		{AC48E766-D389-4472-BF04-274D15B2E76F}.Debug|Any CPU.ActiveCfg = Debug|Any CPU
		{AC48E766-D389-4472-BF04-274D15B2E76F}.Debug|Any CPU.Build.0 = Debug|Any CPU
		{AC48E766-D389-4472-BF04-274D15B2E76F}.Release|Any CPU.ActiveCfg = Release|Any CPU
		{AC48E766-D389-4472-BF04-274D15B2E76F}.Release|Any CPU.Build.0 = Release|Any CPU
		{12B938D4-1E9C-4336-B9EC-45B9921E08D8}.Debug|Any CPU.ActiveCfg = Debug|Any CPU
		{12B938D4-1E9C-4336-B9EC-45B9921E08D8}.Debug|Any CPU.Build.0 = Debug|Any CPU
		{12B938D4-1E9C-4336-B9EC-45B9921E08D8}.Release|Any CPU.ActiveCfg = Release|Any CPU
		{12B938D4-1E9C-4336-B9EC-45B9921E08D8}.Release|Any CPU.Build.0 = Release|Any CPU
		{32B57E18-FADB-424A-B5C2-1F4F8E395DEF}.Debug|Any CPU.ActiveCfg = Debug|Any CPU
		{32B57E18-FADB-424A-B5C2-1F4F8E395DEF}.Debug|Any CPU.Build.0 = Debug|Any CPU
		{32B57E18-FADB-424A-B5C2-1F4F8E395DEF}.Release|Any CPU.ActiveCfg = Release|Any CPU
		{32B57E18-FADB-424A-B5C2-1F4F8E395DEF}.Release|Any CPU.Build.0 = Release|Any CPU
		{416F25F3-F505-430D-ADE5-9F6266168F99}.Debug|Any CPU.ActiveCfg = Debug|Any CPU
		{416F25F3-F505-430D-ADE5-9F6266168F99}.Debug|Any CPU.Build.0 = Debug|Any CPU
		{416F25F3-F505-430D-ADE5-9F6266168F99}.Release|Any CPU.ActiveCfg = Release|Any CPU
		{416F25F3-F505-430D-ADE5-9F6266168F99}.Release|Any CPU.Build.0 = Release|Any CPU
		{9C31B262-73FB-45DA-BD13-622B157DD0AB}.Debug|Any CPU.ActiveCfg = Debug|Any CPU
		{9C31B262-73FB-45DA-BD13-622B157DD0AB}.Debug|Any CPU.Build.0 = Debug|Any CPU
		{9C31B262-73FB-45DA-BD13-622B157DD0AB}.Release|Any CPU.ActiveCfg = Release|Any CPU
		{9C31B262-73FB-45DA-BD13-622B157DD0AB}.Release|Any CPU.Build.0 = Release|Any CPU
	EndGlobalSection
	GlobalSection(SolutionProperties) = preSolution
		HideSolutionNode = FALSE
	EndGlobalSection
	GlobalSection(NestedProjects) = preSolution
		{608B54AB-27B7-45D1-84AD-CB05BD63A518} = {119FD8E2-3D0B-4FD8-924D-4AED657CF21F}
		{AC48E766-D389-4472-BF04-274D15B2E76F} = {119FD8E2-3D0B-4FD8-924D-4AED657CF21F}
		{12B938D4-1E9C-4336-B9EC-45B9921E08D8} = {119FD8E2-3D0B-4FD8-924D-4AED657CF21F}
		{32B57E18-FADB-424A-B5C2-1F4F8E395DEF} = {119FD8E2-3D0B-4FD8-924D-4AED657CF21F}
	EndGlobalSection
	GlobalSection(ExtensibilityGlobals) = postSolution
		SolutionGuid = {FCBFF2EE-B99A-4FF8-8F36-A58D3C7EAD69}
	EndGlobalSection
EndGlobal
